
Microsoft Visual Studio Solution File, Format Version 12.00
# Visual Studio Version 16
VisualStudioVersion = 16.0.31321.278
MinimumVisualStudioVersion = 10.0.40219.1
Project("{FAE04EC0-301F-11D3-BF4B-00C04F79EFBC}") = "IsItALeapYear", "IsItALeapYear\IsItALeapYear.csproj", "{3981A54B-5244-4CC8-8910-152AF126B9B1}"
EndProject
Project("{FAE04EC0-301F-11D3-BF4B-00C04F79EFBC}") = "UnitTestProject1", "UnitTestProject1\UnitTestProject1.csproj", "{AF1038CF-DB41-424F-BE97-FCB263449FB5}"
EndProject
Global
	GlobalSection(SolutionConfigurationPlatforms) = preSolution
		Debug|Any CPU = Debug|Any CPU
		Release|Any CPU = Release|Any CPU
	EndGlobalSection
	GlobalSection(ProjectConfigurationPlatforms) = postSolution
		{3981A54B-5244-4CC8-8910-152AF126B9B1}.Debug|Any CPU.ActiveCfg = Debug|Any CPU
		{3981A54B-5244-4CC8-8910-152AF126B9B1}.Debug|Any CPU.Build.0 = Debug|Any CPU
		{3981A54B-5244-4CC8-8910-152AF126B9B1}.Release|Any CPU.ActiveCfg = Release|Any CPU
		{3981A54B-5244-4CC8-8910-152AF126B9B1}.Release|Any CPU.Build.0 = Release|Any CPU
		{AF1038CF-DB41-424F-BE97-FCB263449FB5}.Debug|Any CPU.ActiveCfg = Debug|Any CPU
		{AF1038CF-DB41-424F-BE97-FCB263449FB5}.Debug|Any CPU.Build.0 = Debug|Any CPU
		{AF1038CF-DB41-424F-BE97-FCB263449FB5}.Release|Any CPU.ActiveCfg = Release|Any CPU
		{AF1038CF-DB41-424F-BE97-FCB263449FB5}.Release|Any CPU.Build.0 = Release|Any CPU
	EndGlobalSection
	GlobalSection(SolutionProperties) = preSolution
		HideSolutionNode = FALSE
	EndGlobalSection
	GlobalSection(ExtensibilityGlobals) = postSolution
		SolutionGuid = {CB21F1FE-2F1C-4B78-BA11-9D9CC8A221BF}
	EndGlobalSection
EndGlobal
